// !$*UTF8*$!
{
	archiveVersion = 1;
	classes = {
	};
	objectVersion = 46;
	objects = {

/* Begin PBXBuildFile section */
		33B06476A503BBC2382B0BC3 /* Pods_cbe.framework in Frameworks */ = {isa = PBXBuildFile; fileRef = 445643CDEC3DD12F702A55EE /* Pods_cbe.framework */; };
		570FAC361FC1067E0083C744 /* Assets.xcassets in Resources */ = {isa = PBXBuildFile; fileRef = 570FAC351FC1067E0083C744 /* Assets.xcassets */; };
		5712904A1F2EC5F700C7FBF9 /* SignInViewController.swift in Sources */ = {isa = PBXBuildFile; fileRef = 571290491F2EC5F700C7FBF9 /* SignInViewController.swift */; };
		5712904C1F2EC8C700C7FBF9 /* RoundButton.swift in Sources */ = {isa = PBXBuildFile; fileRef = 5712904B1F2EC8C700C7FBF9 /* RoundButton.swift */; };
		577B829F1F18948700B3B3C9 /* AppDelegate.swift in Sources */ = {isa = PBXBuildFile; fileRef = 577B829E1F18948700B3B3C9 /* AppDelegate.swift */; };
		577B82A11F18948700B3B3C9 /* MainViewController.swift in Sources */ = {isa = PBXBuildFile; fileRef = 577B82A01F18948700B3B3C9 /* MainViewController.swift */; };
		577B82A41F18948700B3B3C9 /* Main.storyboard in Resources */ = {isa = PBXBuildFile; fileRef = 577B82A21F18948700B3B3C9 /* Main.storyboard */; };
		577B82A91F18948700B3B3C9 /* LaunchScreen.storyboard in Resources */ = {isa = PBXBuildFile; fileRef = 577B82A71F18948700B3B3C9 /* LaunchScreen.storyboard */; };
		577B82B61F18968B00B3B3C9 /* Constants.swift in Sources */ = {isa = PBXBuildFile; fileRef = 577B82B51F18968B00B3B3C9 /* Constants.swift */; };
		579B63FF1F41298700E1AC61 /* User.swift in Sources */ = {isa = PBXBuildFile; fileRef = 579B63FE1F41298700E1AC61 /* User.swift */; };
		579B64011F412AC300E1AC61 /* Report.swift in Sources */ = {isa = PBXBuildFile; fileRef = 579B64001F412AC300E1AC61 /* Report.swift */; };
		579B64031F4153E500E1AC61 /* CoreLocation.framework in Frameworks */ = {isa = PBXBuildFile; fileRef = 579B64021F4153E500E1AC61 /* CoreLocation.framework */; };
		57D55D141FC0E10D0010C4FE /* SearchResultsController.swift in Sources */ = {isa = PBXBuildFile; fileRef = 57D55D131FC0E10D0010C4FE /* SearchResultsController.swift */; };
		57DF7B421F2ED256003805B7 /* FormViewController.swift in Sources */ = {isa = PBXBuildFile; fileRef = 57DF7B411F2ED256003805B7 /* FormViewController.swift */; };
		57DF7B461F2EDE1D003805B7 /* SidebarViewController.swift in Sources */ = {isa = PBXBuildFile; fileRef = 57DF7B451F2EDE1D003805B7 /* SidebarViewController.swift */; };
		57DF7B481F2F0FF8003805B7 /* BorderView.swift in Sources */ = {isa = PBXBuildFile; fileRef = 57DF7B471F2F0FF8003805B7 /* BorderView.swift */; };
		57DF7B4A1F2F1BAD003805B7 /* CustomLabel.swift in Sources */ = {isa = PBXBuildFile; fileRef = 57DF7B491F2F1BAD003805B7 /* CustomLabel.swift */; };
		57DF7B4C1F2F1DF9003805B7 /* CustomTextField.swift in Sources */ = {isa = PBXBuildFile; fileRef = 57DF7B4B1F2F1DF9003805B7 /* CustomTextField.swift */; };
		57F640C01F49FD9F0094C7D9 /* GoogleService-Info.plist in Resources */ = {isa = PBXBuildFile; fileRef = 57F640BF1F48A6840094C7D9 /* GoogleService-Info.plist */; };
		57F640C41F4A813B0094C7D9 /* SWRevealViewController.m in Sources */ = {isa = PBXBuildFile; fileRef = 57F640C21F4A813B0094C7D9 /* SWRevealViewController.m */; };
/* End PBXBuildFile section */

/* Begin PBXFileReference section */
		445643CDEC3DD12F702A55EE /* Pods_cbe.framework */ = {isa = PBXFileReference; explicitFileType = wrapper.framework; includeInIndex = 0; path = Pods_cbe.framework; sourceTree = BUILT_PRODUCTS_DIR; };
		570FAC351FC1067E0083C744 /* Assets.xcassets */ = {isa = PBXFileReference; lastKnownFileType = folder.assetcatalog; name = Assets.xcassets; path = ../../../../../../Victor/Files/Developer/CBE/iOS/cbe/Assets.xcassets; sourceTree = "<group>"; };
		571290491F2EC5F700C7FBF9 /* SignInViewController.swift */ = {isa = PBXFileReference; fileEncoding = 4; lastKnownFileType = sourcecode.swift; path = SignInViewController.swift; sourceTree = "<group>"; };
		5712904B1F2EC8C700C7FBF9 /* RoundButton.swift */ = {isa = PBXFileReference; fileEncoding = 4; lastKnownFileType = sourcecode.swift; path = RoundButton.swift; sourceTree = "<group>"; };
		577B829B1F18948700B3B3C9 /* cbe.app */ = {isa = PBXFileReference; explicitFileType = wrapper.application; includeInIndex = 0; path = cbe.app; sourceTree = BUILT_PRODUCTS_DIR; };
		577B829E1F18948700B3B3C9 /* AppDelegate.swift */ = {isa = PBXFileReference; lastKnownFileType = sourcecode.swift; path = AppDelegate.swift; sourceTree = "<group>"; };
		577B82A01F18948700B3B3C9 /* MainViewController.swift */ = {isa = PBXFileReference; lastKnownFileType = sourcecode.swift; path = MainViewController.swift; sourceTree = "<group>"; };
		577B82A31F18948700B3B3C9 /* Base */ = {isa = PBXFileReference; lastKnownFileType = file.storyboard; name = Base; path = Base.lproj/Main.storyboard; sourceTree = "<group>"; };
		577B82A81F18948700B3B3C9 /* Base */ = {isa = PBXFileReference; lastKnownFileType = file.storyboard; name = Base; path = Base.lproj/LaunchScreen.storyboard; sourceTree = "<group>"; };
		577B82AA1F18948700B3B3C9 /* Info.plist */ = {isa = PBXFileReference; lastKnownFileType = text.plist.xml; path = Info.plist; sourceTree = "<group>"; };
		577B82B51F18968B00B3B3C9 /* Constants.swift */ = {isa = PBXFileReference; fileEncoding = 4; lastKnownFileType = sourcecode.swift; path = Constants.swift; sourceTree = "<group>"; };
		579B63FE1F41298700E1AC61 /* User.swift */ = {isa = PBXFileReference; lastKnownFileType = sourcecode.swift; path = User.swift; sourceTree = "<group>"; };
		579B64001F412AC300E1AC61 /* Report.swift */ = {isa = PBXFileReference; lastKnownFileType = sourcecode.swift; path = Report.swift; sourceTree = "<group>"; };
		579B64021F4153E500E1AC61 /* CoreLocation.framework */ = {isa = PBXFileReference; lastKnownFileType = wrapper.framework; name = CoreLocation.framework; path = System/Library/Frameworks/CoreLocation.framework; sourceTree = SDKROOT; };
		57D55D131FC0E10D0010C4FE /* SearchResultsController.swift */ = {isa = PBXFileReference; lastKnownFileType = sourcecode.swift; name = SearchResultsController.swift; path = ../../../../../../Victor/Files/Developer/CBE/iOS/cbe/SearchResultsController.swift; sourceTree = "<group>"; };
		57DF7B411F2ED256003805B7 /* FormViewController.swift */ = {isa = PBXFileReference; fileEncoding = 4; lastKnownFileType = sourcecode.swift; path = FormViewController.swift; sourceTree = "<group>"; };
		57DF7B451F2EDE1D003805B7 /* SidebarViewController.swift */ = {isa = PBXFileReference; fileEncoding = 4; lastKnownFileType = sourcecode.swift; path = SidebarViewController.swift; sourceTree = "<group>"; };
		57DF7B471F2F0FF8003805B7 /* BorderView.swift */ = {isa = PBXFileReference; fileEncoding = 4; lastKnownFileType = sourcecode.swift; path = BorderView.swift; sourceTree = "<group>"; };
		57DF7B491F2F1BAD003805B7 /* CustomLabel.swift */ = {isa = PBXFileReference; fileEncoding = 4; lastKnownFileType = sourcecode.swift; path = CustomLabel.swift; sourceTree = "<group>"; };
		57DF7B4B1F2F1DF9003805B7 /* CustomTextField.swift */ = {isa = PBXFileReference; fileEncoding = 4; lastKnownFileType = sourcecode.swift; path = CustomTextField.swift; sourceTree = "<group>"; };
		57F640BF1F48A6840094C7D9 /* GoogleService-Info.plist */ = {isa = PBXFileReference; lastKnownFileType = text.plist.xml; path = "GoogleService-Info.plist"; sourceTree = "<group>"; };
		57F640C11F4A813A0094C7D9 /* cbe-Bridging-Header.h */ = {isa = PBXFileReference; lastKnownFileType = sourcecode.c.h; path = "cbe-Bridging-Header.h"; sourceTree = "<group>"; };
		57F640C21F4A813B0094C7D9 /* SWRevealViewController.m */ = {isa = PBXFileReference; lastKnownFileType = sourcecode.c.objc; path = SWRevealViewController.m; sourceTree = "<group>"; };
		57F640C31F4A813B0094C7D9 /* SWRevealViewController.h */ = {isa = PBXFileReference; lastKnownFileType = sourcecode.c.h; path = SWRevealViewController.h; sourceTree = "<group>"; };
		855146985A5F3FB4DD42D130 /* Pods-cbe.release.xcconfig */ = {isa = PBXFileReference; includeInIndex = 1; lastKnownFileType = text.xcconfig; name = "Pods-cbe.release.xcconfig"; path = "Pods/Target Support Files/Pods-cbe/Pods-cbe.release.xcconfig"; sourceTree = "<group>"; };
		A7A40A2045E97B30AF48BE8E /* Pods-cbe.debug.xcconfig */ = {isa = PBXFileReference; includeInIndex = 1; lastKnownFileType = text.xcconfig; name = "Pods-cbe.debug.xcconfig"; path = "Pods/Target Support Files/Pods-cbe/Pods-cbe.debug.xcconfig"; sourceTree = "<group>"; };
/* End PBXFileReference section */

/* Begin PBXFrameworksBuildPhase section */
		577B82981F18948700B3B3C9 /* Frameworks */ = {
			isa = PBXFrameworksBuildPhase;
			buildActionMask = 2147483647;
			files = (
				579B64031F4153E500E1AC61 /* CoreLocation.framework in Frameworks */,
				33B06476A503BBC2382B0BC3 /* Pods_cbe.framework in Frameworks */,
			);
			runOnlyForDeploymentPostprocessing = 0;
		};
/* End PBXFrameworksBuildPhase section */

/* Begin PBXGroup section */
		577B82921F18948700B3B3C9 = {
			isa = PBXGroup;
			children = (
				577B829D1F18948700B3B3C9 /* cbe */,
				577B829C1F18948700B3B3C9 /* Products */,
				77082FCBC97DBE731AFDF722 /* Pods */,
				BBD3D08C0F508D59DC5F758C /* Frameworks */,
			);
			sourceTree = "<group>";
		};
		577B829C1F18948700B3B3C9 /* Products */ = {
			isa = PBXGroup;
			children = (
				577B829B1F18948700B3B3C9 /* cbe.app */,
			);
			name = Products;
			sourceTree = "<group>";
		};
		577B829D1F18948700B3B3C9 /* cbe */ = {
			isa = PBXGroup;
			children = (
				577B82B21F1895F600B3B3C9 /* App */,
				577B82B01F1895BA00B3B3C9 /* Models */,
				577B82B11F1895C100B3B3C9 /* Layouts */,
				577B82B41F18964400B3B3C9 /* Controllers */,
				577B82B31F18960100B3B3C9 /* Supporting Files */,
			);
			path = cbe;
			sourceTree = "<group>";
		};
		577B82B01F1895BA00B3B3C9 /* Models */ = {
			isa = PBXGroup;
			children = (
				57DF7B471F2F0FF8003805B7 /* BorderView.swift */,
				577B82B51F18968B00B3B3C9 /* Constants.swift */,
				57DF7B491F2F1BAD003805B7 /* CustomLabel.swift */,
				57DF7B4B1F2F1DF9003805B7 /* CustomTextField.swift */,
				579B64001F412AC300E1AC61 /* Report.swift */,
				5712904B1F2EC8C700C7FBF9 /* RoundButton.swift */,
				57F640C31F4A813B0094C7D9 /* SWRevealViewController.h */,
				57F640C21F4A813B0094C7D9 /* SWRevealViewController.m */,
				579B63FE1F41298700E1AC61 /* User.swift */,
				57F640C11F4A813A0094C7D9 /* cbe-Bridging-Header.h */,
			);
			name = Models;
			sourceTree = "<group>";
		};
		577B82B11F1895C100B3B3C9 /* Layouts */ = {
			isa = PBXGroup;
			children = (
				577B82A21F18948700B3B3C9 /* Main.storyboard */,
				577B82A71F18948700B3B3C9 /* LaunchScreen.storyboard */,
			);
			name = Layouts;
			sourceTree = "<group>";
		};
		577B82B21F1895F600B3B3C9 /* App */ = {
			isa = PBXGroup;
			children = (
				577B829E1F18948700B3B3C9 /* AppDelegate.swift */,
			);
			name = App;
			sourceTree = "<group>";
		};
		577B82B31F18960100B3B3C9 /* Supporting Files */ = {
			isa = PBXGroup;
			children = (
				570FAC351FC1067E0083C744 /* Assets.xcassets */,
				577B82AA1F18948700B3B3C9 /* Info.plist */,
				57F640BF1F48A6840094C7D9 /* GoogleService-Info.plist */,
			);
			name = "Supporting Files";
			sourceTree = "<group>";
		};
		577B82B41F18964400B3B3C9 /* Controllers */ = {
			isa = PBXGroup;
			children = (
				57D55D131FC0E10D0010C4FE /* SearchResultsController.swift */,
				57DF7B411F2ED256003805B7 /* FormViewController.swift */,
				577B82A01F18948700B3B3C9 /* MainViewController.swift */,
				57DF7B451F2EDE1D003805B7 /* SidebarViewController.swift */,
				571290491F2EC5F700C7FBF9 /* SignInViewController.swift */,
			);
			name = Controllers;
			sourceTree = "<group>";
		};
		77082FCBC97DBE731AFDF722 /* Pods */ = {
			isa = PBXGroup;
			children = (
				A7A40A2045E97B30AF48BE8E /* Pods-cbe.debug.xcconfig */,
				855146985A5F3FB4DD42D130 /* Pods-cbe.release.xcconfig */,
			);
			name = Pods;
			sourceTree = "<group>";
		};
		BBD3D08C0F508D59DC5F758C /* Frameworks */ = {
			isa = PBXGroup;
			children = (
				579B64021F4153E500E1AC61 /* CoreLocation.framework */,
				445643CDEC3DD12F702A55EE /* Pods_cbe.framework */,
			);
			name = Frameworks;
			sourceTree = "<group>";
		};
/* End PBXGroup section */

/* Begin PBXNativeTarget section */
		577B829A1F18948700B3B3C9 /* cbe */ = {
			isa = PBXNativeTarget;
			buildConfigurationList = 577B82AD1F18948700B3B3C9 /* Build configuration list for PBXNativeTarget "cbe" */;
			buildPhases = (
				8CB992542BA1FBC341BECA08 /* [CP] Check Pods Manifest.lock */,
				577B82971F18948700B3B3C9 /* Sources */,
				577B82981F18948700B3B3C9 /* Frameworks */,
				577B82991F18948700B3B3C9 /* Resources */,
				BC71AA745B0B41C5B59C355C /* [CP] Embed Pods Frameworks */,
				F1A16844A71174463FB00F5D /* [CP] Copy Pods Resources */,
			);
			buildRules = (
			);
			dependencies = (
			);
			name = cbe;
			productName = cbe;
			productReference = 577B829B1F18948700B3B3C9 /* cbe.app */;
			productType = "com.apple.product-type.application";
		};
/* End PBXNativeTarget section */

/* Begin PBXProject section */
		577B82931F18948700B3B3C9 /* Project object */ = {
			isa = PBXProject;
			attributes = {
				LastSwiftUpdateCheck = 0830;
				LastUpgradeCheck = 0830;
				ORGANIZATIONNAME = "Victor Korir";
				TargetAttributes = {
					577B829A1F18948700B3B3C9 = {
						CreatedOnToolsVersion = 8.3.3;
						DevelopmentTeam = 2ZWCDS3472;
						LastSwiftMigration = 0900;
						ProvisioningStyle = Automatic;
					};
				};
			};
			buildConfigurationList = 577B82961F18948700B3B3C9 /* Build configuration list for PBXProject "cbe" */;
			compatibilityVersion = "Xcode 3.2";
			developmentRegion = English;
			hasScannedForEncodings = 0;
			knownRegions = (
				en,
				Base,
			);
			mainGroup = 577B82921F18948700B3B3C9;
			productRefGroup = 577B829C1F18948700B3B3C9 /* Products */;
			projectDirPath = "";
			projectRoot = "";
			targets = (
				577B829A1F18948700B3B3C9 /* cbe */,
			);
		};
/* End PBXProject section */

/* Begin PBXResourcesBuildPhase section */
		577B82991F18948700B3B3C9 /* Resources */ = {
			isa = PBXResourcesBuildPhase;
			buildActionMask = 2147483647;
			files = (
				577B82A91F18948700B3B3C9 /* LaunchScreen.storyboard in Resources */,
				57F640C01F49FD9F0094C7D9 /* GoogleService-Info.plist in Resources */,
				570FAC361FC1067E0083C744 /* Assets.xcassets in Resources */,
				577B82A41F18948700B3B3C9 /* Main.storyboard in Resources */,
			);
			runOnlyForDeploymentPostprocessing = 0;
		};
/* End PBXResourcesBuildPhase section */

/* Begin PBXShellScriptBuildPhase section */
		8CB992542BA1FBC341BECA08 /* [CP] Check Pods Manifest.lock */ = {
			isa = PBXShellScriptBuildPhase;
			buildActionMask = 2147483647;
			files = (
			);
			inputPaths = (
			);
			name = "[CP] Check Pods Manifest.lock";
			outputPaths = (
			);
			runOnlyForDeploymentPostprocessing = 0;
			shellPath = /bin/sh;
			shellScript = "diff \"${PODS_PODFILE_DIR_PATH}/Podfile.lock\" \"${PODS_ROOT}/Manifest.lock\" > /dev/null\nif [ $? != 0 ] ; then\n    # print error to STDERR\n    echo \"error: The sandbox is not in sync with the Podfile.lock. Run 'pod install' or update your CocoaPods installation.\" >&2\n    exit 1\nfi\n";
			showEnvVarsInLog = 0;
		};
		BC71AA745B0B41C5B59C355C /* [CP] Embed Pods Frameworks */ = {
			isa = PBXShellScriptBuildPhase;
			buildActionMask = 2147483647;
			files = (
			);
			inputPaths = (
			);
			name = "[CP] Embed Pods Frameworks";
			outputPaths = (
			);
			runOnlyForDeploymentPostprocessing = 0;
			shellPath = /bin/sh;
			shellScript = "\"${SRCROOT}/Pods/Target Support Files/Pods-cbe/Pods-cbe-frameworks.sh\"\n";
			showEnvVarsInLog = 0;
		};
		F1A16844A71174463FB00F5D /* [CP] Copy Pods Resources */ = {
			isa = PBXShellScriptBuildPhase;
			buildActionMask = 2147483647;
			files = (
			);
			inputPaths = (
			);
			name = "[CP] Copy Pods Resources";
			outputPaths = (
			);
			runOnlyForDeploymentPostprocessing = 0;
			shellPath = /bin/sh;
			shellScript = "\"${SRCROOT}/Pods/Target Support Files/Pods-cbe/Pods-cbe-resources.sh\"\n";
			showEnvVarsInLog = 0;
		};
/* End PBXShellScriptBuildPhase section */

/* Begin PBXSourcesBuildPhase section */
		577B82971F18948700B3B3C9 /* Sources */ = {
			isa = PBXSourcesBuildPhase;
			buildActionMask = 2147483647;
			files = (
				57F640C41F4A813B0094C7D9 /* SWRevealViewController.m in Sources */,
				57DF7B421F2ED256003805B7 /* FormViewController.swift in Sources */,
				57DF7B4A1F2F1BAD003805B7 /* CustomLabel.swift in Sources */,
				5712904A1F2EC5F700C7FBF9 /* SignInViewController.swift in Sources */,
				5712904C1F2EC8C700C7FBF9 /* RoundButton.swift in Sources */,
				57DF7B4C1F2F1DF9003805B7 /* CustomTextField.swift in Sources */,
				577B82A11F18948700B3B3C9 /* MainViewController.swift in Sources */,
				57DF7B481F2F0FF8003805B7 /* BorderView.swift in Sources */,
				577B829F1F18948700B3B3C9 /* AppDelegate.swift in Sources */,
				577B82B61F18968B00B3B3C9 /* Constants.swift in Sources */,
				57D55D141FC0E10D0010C4FE /* SearchResultsController.swift in Sources */,
				57DF7B461F2EDE1D003805B7 /* SidebarViewController.swift in Sources */,
				579B63FF1F41298700E1AC61 /* User.swift in Sources */,
				579B64011F412AC300E1AC61 /* Report.swift in Sources */,
			);
			runOnlyForDeploymentPostprocessing = 0;
		};
/* End PBXSourcesBuildPhase section */

/* Begin PBXVariantGroup section */
		577B82A21F18948700B3B3C9 /* Main.storyboard */ = {
			isa = PBXVariantGroup;
			children = (
				577B82A31F18948700B3B3C9 /* Base */,
			);
			name = Main.storyboard;
			sourceTree = "<group>";
		};
		577B82A71F18948700B3B3C9 /* LaunchScreen.storyboard */ = {
			isa = PBXVariantGroup;
			children = (
				577B82A81F18948700B3B3C9 /* Base */,
			);
			name = LaunchScreen.storyboard;
			sourceTree = "<group>";
		};
/* End PBXVariantGroup section */

/* Begin XCBuildConfiguration section */
		577B82AB1F18948700B3B3C9 /* Debug */ = {
			isa = XCBuildConfiguration;
			buildSettings = {
				ALWAYS_SEARCH_USER_PATHS = NO;
				CLANG_ANALYZER_NONNULL = YES;
				CLANG_ANALYZER_NUMBER_OBJECT_CONVERSION = YES_AGGRESSIVE;
				CLANG_CXX_LANGUAGE_STANDARD = "gnu++0x";
				CLANG_CXX_LIBRARY = "libc++";
				CLANG_ENABLE_MODULES = YES;
				CLANG_ENABLE_OBJC_ARC = YES;
				CLANG_WARN_BOOL_CONVERSION = YES;
				CLANG_WARN_CONSTANT_CONVERSION = YES;
				CLANG_WARN_DIRECT_OBJC_ISA_USAGE = YES_ERROR;
				CLANG_WARN_DOCUMENTATION_COMMENTS = YES;
				CLANG_WARN_EMPTY_BODY = YES;
				CLANG_WARN_ENUM_CONVERSION = YES;
				CLANG_WARN_INFINITE_RECURSION = YES;
				CLANG_WARN_INT_CONVERSION = YES;
				CLANG_WARN_OBJC_ROOT_CLASS = YES_ERROR;
				CLANG_WARN_SUSPICIOUS_MOVE = YES;
				CLANG_WARN_UNREACHABLE_CODE = YES;
				CLANG_WARN__DUPLICATE_METHOD_MATCH = YES;
				"CODE_SIGN_IDENTITY[sdk=iphoneos*]" = "iPhone Developer";
				COPY_PHASE_STRIP = NO;
				DEBUG_INFORMATION_FORMAT = dwarf;
				ENABLE_STRICT_OBJC_MSGSEND = YES;
				ENABLE_TESTABILITY = YES;
				GCC_C_LANGUAGE_STANDARD = gnu99;
				GCC_DYNAMIC_NO_PIC = NO;
				GCC_NO_COMMON_BLOCKS = YES;
				GCC_OPTIMIZATION_LEVEL = 0;
				GCC_PREPROCESSOR_DEFINITIONS = (
					"DEBUG=1",
					"$(inherited)",
				);
				GCC_WARN_64_TO_32_BIT_CONVERSION = YES;
				GCC_WARN_ABOUT_RETURN_TYPE = YES_ERROR;
				GCC_WARN_UNDECLARED_SELECTOR = YES;
				GCC_WARN_UNINITIALIZED_AUTOS = YES_AGGRESSIVE;
				GCC_WARN_UNUSED_FUNCTION = YES;
				GCC_WARN_UNUSED_VARIABLE = YES;
				IPHONEOS_DEPLOYMENT_TARGET = 10.3;
				MTL_ENABLE_DEBUG_INFO = YES;
				ONLY_ACTIVE_ARCH = YES;
				SDKROOT = iphoneos;
				SWIFT_ACTIVE_COMPILATION_CONDITIONS = DEBUG;
				SWIFT_OPTIMIZATION_LEVEL = "-Onone";
				TARGETED_DEVICE_FAMILY = "1,2";
			};
			name = Debug;
		};
		577B82AC1F18948700B3B3C9 /* Release */ = {
			isa = XCBuildConfiguration;
			buildSettings = {
				ALWAYS_SEARCH_USER_PATHS = NO;
				CLANG_ANALYZER_NONNULL = YES;
				CLANG_ANALYZER_NUMBER_OBJECT_CONVERSION = YES_AGGRESSIVE;
				CLANG_CXX_LANGUAGE_STANDARD = "gnu++0x";
				CLANG_CXX_LIBRARY = "libc++";
				CLANG_ENABLE_MODULES = YES;
				CLANG_ENABLE_OBJC_ARC = YES;
				CLANG_WARN_BOOL_CONVERSION = YES;
				CLANG_WARN_CONSTANT_CONVERSION = YES;
				CLANG_WARN_DIRECT_OBJC_ISA_USAGE = YES_ERROR;
				CLANG_WARN_DOCUMENTATION_COMMENTS = YES;
				CLANG_WARN_EMPTY_BODY = YES;
				CLANG_WARN_ENUM_CONVERSION = YES;
				CLANG_WARN_INFINITE_RECURSION = YES;
				CLANG_WARN_INT_CONVERSION = YES;
				CLANG_WARN_OBJC_ROOT_CLASS = YES_ERROR;
				CLANG_WARN_SUSPICIOUS_MOVE = YES;
				CLANG_WARN_UNREACHABLE_CODE = YES;
				CLANG_WARN__DUPLICATE_METHOD_MATCH = YES;
				"CODE_SIGN_IDENTITY[sdk=iphoneos*]" = "iPhone Developer";
				COPY_PHASE_STRIP = NO;
				DEBUG_INFORMATION_FORMAT = "dwarf-with-dsym";
				ENABLE_NS_ASSERTIONS = NO;
				ENABLE_STRICT_OBJC_MSGSEND = YES;
				GCC_C_LANGUAGE_STANDARD = gnu99;
				GCC_NO_COMMON_BLOCKS = YES;
				GCC_WARN_64_TO_32_BIT_CONVERSION = YES;
				GCC_WARN_ABOUT_RETURN_TYPE = YES_ERROR;
				GCC_WARN_UNDECLARED_SELECTOR = YES;
				GCC_WARN_UNINITIALIZED_AUTOS = YES_AGGRESSIVE;
				GCC_WARN_UNUSED_FUNCTION = YES;
				GCC_WARN_UNUSED_VARIABLE = YES;
				IPHONEOS_DEPLOYMENT_TARGET = 10.3;
				MTL_ENABLE_DEBUG_INFO = NO;
				SDKROOT = iphoneos;
				SWIFT_OPTIMIZATION_LEVEL = "-Owholemodule";
				TARGETED_DEVICE_FAMILY = "1,2";
				VALIDATE_PRODUCT = YES;
			};
			name = Release;
		};
		577B82AE1F18948700B3B3C9 /* Debug */ = {
			isa = XCBuildConfiguration;
			baseConfigurationReference = A7A40A2045E97B30AF48BE8E /* Pods-cbe.debug.xcconfig */;
			buildSettings = {
				ASSETCATALOG_COMPILER_APPICON_NAME = AppIcon;
				CLANG_ENABLE_MODULES = YES;
				DEVELOPMENT_TEAM = 2ZWCDS3472;
				INFOPLIST_FILE = cbe/Info.plist;
				LD_RUNPATH_SEARCH_PATHS = "$(inherited) @executable_path/Frameworks";
				PRODUCT_BUNDLE_IDENTIFIER = com.victorkorir.cbe;
				PRODUCT_NAME = "$(TARGET_NAME)";
				SWIFT_OBJC_BRIDGING_HEADER = "cbe/cbe-Bridging-Header.h";
				SWIFT_OPTIMIZATION_LEVEL = "-Onone";
				SWIFT_VERSION = 3.0;
			};
			name = Debug;
		};
		577B82AF1F18948700B3B3C9 /* Release */ = {
			isa = XCBuildConfiguration;
			baseConfigurationReference = 855146985A5F3FB4DD42D130 /* Pods-cbe.release.xcconfig */;
			buildSettings = {
				ASSETCATALOG_COMPILER_APPICON_NAME = AppIcon;
				CLANG_ENABLE_MODULES = YES;
				DEVELOPMENT_TEAM = 2ZWCDS3472;
				INFOPLIST_FILE = cbe/Info.plist;
				LD_RUNPATH_SEARCH_PATHS = "$(inherited) @executable_path/Frameworks";
				PRODUCT_BUNDLE_IDENTIFIER = com.victorkorir.cbe;
				PRODUCT_NAME = "$(TARGET_NAME)";
				SWIFT_OBJC_BRIDGING_HEADER = "cbe/cbe-Bridging-Header.h";
				SWIFT_VERSION = 3.0;
			};
			name = Release;
		};
/* End XCBuildConfiguration section */

/* Begin XCConfigurationList section */
		577B82961F18948700B3B3C9 /* Build configuration list for PBXProject "cbe" */ = {
			isa = XCConfigurationList;
			buildConfigurations = (
				577B82AB1F18948700B3B3C9 /* Debug */,
				577B82AC1F18948700B3B3C9 /* Release */,
			);
			defaultConfigurationIsVisible = 0;
			defaultConfigurationName = Release;
		};
		577B82AD1F18948700B3B3C9 /* Build configuration list for PBXNativeTarget "cbe" */ = {
			isa = XCConfigurationList;
			buildConfigurations = (
				577B82AE1F18948700B3B3C9 /* Debug */,
				577B82AF1F18948700B3B3C9 /* Release */,
			);
			defaultConfigurationIsVisible = 0;
			defaultConfigurationName = Release;
		};
/* End XCConfigurationList section */
	};
	rootObject = 577B82931F18948700B3B3C9 /* Project object */;
}
